
Microsoft Visual Studio Solution File, Format Version 12.00
# Visual Studio Version 17
VisualStudioVersion = 17.11.35327.3
MinimumVisualStudioVersion = 10.0.40219.1
Project("{FAE04EC0-301F-11D3-BF4B-00C04F79EFBC}") = "OnlineRandevu", "OnlineRandevu\OnlineRandevu.csproj", "{75CF06F6-7227-4111-90F0-C8202E31F780}"
EndProject
Global
	GlobalSection(SolutionConfigurationPlatforms) = preSolution
		Debug|Any CPU = Debug|Any CPU
		Release|Any CPU = Release|Any CPU
	EndGlobalSection
	GlobalSection(ProjectConfigurationPlatforms) = postSolution
		{75CF06F6-7227-4111-90F0-C8202E31F780}.Debug|Any CPU.ActiveCfg = Debug|Any CPU
		{75CF06F6-7227-4111-90F0-C8202E31F780}.Debug|Any CPU.Build.0 = Debug|Any CPU
		{75CF06F6-7227-4111-90F0-C8202E31F780}.Release|Any CPU.ActiveCfg = Release|Any CPU
		{75CF06F6-7227-4111-90F0-C8202E31F780}.Release|Any CPU.Build.0 = Release|Any CPU
	EndGlobalSection
	GlobalSection(SolutionProperties) = preSolution
		HideSolutionNode = FALSE
	EndGlobalSection
	GlobalSection(ExtensibilityGlobals) = postSolution
		SolutionGuid = {B5811174-6AD8-46D5-A8A4-989A6E001C5E}
	EndGlobalSection
EndGlobal
